
Microsoft Visual Studio Solution File, Format Version 12.00
# Visual Studio Version 17
VisualStudioVersion = 17.4.33103.184
MinimumVisualStudioVersion = 10.0.40219.1
Project("{8BC9CEB8-8B4A-11D0-8D11-00A0C91BC942}") = "UniquePointer", "UniquePointer.vcxproj", "{8C105FE0-AE07-4950-8083-E040658E8AF1}"
EndProject
Global
	GlobalSection(SolutionConfigurationPlatforms) = preSolution
		Debug|x64 = Debug|x64
		Debug|x86 = Debug|x86
		Release|x64 = Release|x64
		Release|x86 = Release|x86
	EndGlobalSection
	GlobalSection(ProjectConfigurationPlatforms) = postSolution
		{8C105FE0-AE07-4950-8083-E040658E8AF1}.Debug|x64.ActiveCfg = Debug|x64
		{8C105FE0-AE07-4950-8083-E040658E8AF1}.Debug|x64.Build.0 = Debug|x64
		{8C105FE0-AE07-4950-8083-E040658E8AF1}.Debug|x86.ActiveCfg = Debug|Win32
		{8C105FE0-AE07-4950-8083-E040658E8AF1}.Debug|x86.Build.0 = Debug|Win32
		{8C105FE0-AE07-4950-8083-E040658E8AF1}.Release|x64.ActiveCfg = Release|x64
		{8C105FE0-AE07-4950-8083-E040658E8AF1}.Release|x64.Build.0 = Release|x64
		{8C105FE0-AE07-4950-8083-E040658E8AF1}.Release|x86.ActiveCfg = Release|Win32
		{8C105FE0-AE07-4950-8083-E040658E8AF1}.Release|x86.Build.0 = Release|Win32
	EndGlobalSection
	GlobalSection(SolutionProperties) = preSolution
		HideSolutionNode = FALSE
	EndGlobalSection
	GlobalSection(ExtensibilityGlobals) = postSolution
		SolutionGuid = {B3489956-3ABC-40FA-AA72-2473465B2120}
	EndGlobalSection
EndGlobal
